Microsoft Visual Studio Solution File, Format Version 12.00
# Visual Studio Version 17
VisualStudioVersion = 17.5.2.0
MinimumVisualStudioVersion = 10.0.40219.1
Project("{FAE04EC0-301F-11D3-BF4B-00C04F79EFBC}") = "NoitaEdit", "NoitaEdit.csproj", "{D6371C89-094A-1246-5A83-D899BA9CE1E5}"
EndProject
Global
	GlobalSection(SolutionConfigurationPlatforms) = preSolution
		Debug|Any CPU = Debug|Any CPU
		Release|Any CPU = Release|Any CPU
	EndGlobalSection
	GlobalSection(ProjectConfigurationPlatforms) = postSolution
		{D6371C89-094A-1246-5A83-D899BA9CE1E5}.Debug|Any CPU.ActiveCfg = Debug|Any CPU
		{D6371C89-094A-1246-5A83-D899BA9CE1E5}.Debug|Any CPU.Build.0 = Debug|Any CPU
		{D6371C89-094A-1246-5A83-D899BA9CE1E5}.Release|Any CPU.ActiveCfg = Release|Any CPU
		{D6371C89-094A-1246-5A83-D899BA9CE1E5}.Release|Any CPU.Build.0 = Release|Any CPU
	EndGlobalSection
	GlobalSection(SolutionProperties) = preSolution
		HideSolutionNode = FALSE
	EndGlobalSection
	GlobalSection(ExtensibilityGlobals) = postSolution
		SolutionGuid = {18EFB726-C6D9-4145-A71F-FB5E51AEE299}
	EndGlobalSection
EndGlobal
